// !$*UTF8*$!
{
	archiveVersion = 1;
	classes = {
	};
	objectVersion = 56;
	objects = {

/* Begin PBXBuildFile section */
		E0FF89132A9756AC000B9F07 /* AppDelegate.swift in Sources */ = {isa = PBXBuildFile; fileRef = E0FF89122A9756AC000B9F07 /* AppDelegate.swift */; };
		E0FF89152A9756AC000B9F07 /* SceneDelegate.swift in Sources */ = {isa = PBXBuildFile; fileRef = E0FF89142A9756AC000B9F07 /* SceneDelegate.swift */; };
		E0FF891C2A9756AE000B9F07 /* Assets.xcassets in Resources */ = {isa = PBXBuildFile; fileRef = E0FF891B2A9756AE000B9F07 /* Assets.xcassets */; };
		E0FF891F2A9756AE000B9F07 /* LaunchScreen.storyboard in Resources */ = {isa = PBXBuildFile; fileRef = E0FF891D2A9756AE000B9F07 /* LaunchScreen.storyboard */; };
		E0FF89342A9756AE000B9F07 /* AppUnitTestsDemoUITests.swift in Sources */ = {isa = PBXBuildFile; fileRef = E0FF89332A9756AE000B9F07 /* AppUnitTestsDemoUITests.swift */; };
		E0FF89362A9756AE000B9F07 /* AppUnitTestsDemoUITestsLaunchTests.swift in Sources */ = {isa = PBXBuildFile; fileRef = E0FF89352A9756AE000B9F07 /* AppUnitTestsDemoUITestsLaunchTests.swift */; };
		E0FF89462A9756F2000B9F07 /* SignInViewController.swift in Sources */ = {isa = PBXBuildFile; fileRef = E0FF89452A9756F2000B9F07 /* SignInViewController.swift */; };
		E0FF89482A975C36000B9F07 /* SignInPresenter.swift in Sources */ = {isa = PBXBuildFile; fileRef = E0FF89472A975C36000B9F07 /* SignInPresenter.swift */; };
		E0FF894B2A975FB0000B9F07 /* SignInUser.swift in Sources */ = {isa = PBXBuildFile; fileRef = E0FF894A2A975FB0000B9F07 /* SignInUser.swift */; };
		E0FF894D2A975FC0000B9F07 /* User.swift in Sources */ = {isa = PBXBuildFile; fileRef = E0FF894C2A975FC0000B9F07 /* User.swift */; };
		E0FF89502A975FE1000B9F07 /* DBUser.swift in Sources */ = {isa = PBXBuildFile; fileRef = E0FF894F2A975FE1000B9F07 /* DBUser.swift */; };
		E0FF89522A975FFB000B9F07 /* SignInService.swift in Sources */ = {isa = PBXBuildFile; fileRef = E0FF89512A975FFB000B9F07 /* SignInService.swift */; };
		E0FF89562A977EEF000B9F07 /* DBUsersRepository.swift in Sources */ = {isa = PBXBuildFile; fileRef = E0FF89552A977EEF000B9F07 /* DBUsersRepository.swift */; };
		E0FF89592A9783F2000B9F07 /* SignInCoordinator.swift in Sources */ = {isa = PBXBuildFile; fileRef = E0FF89582A9783F2000B9F07 /* SignInCoordinator.swift */; };
		E0FF895C2A978415000B9F07 /* Coordinator.swift in Sources */ = {isa = PBXBuildFile; fileRef = E0FF895B2A978415000B9F07 /* Coordinator.swift */; };
		E0FF895E2A978493000B9F07 /* AppCoordinator.swift in Sources */ = {isa = PBXBuildFile; fileRef = E0FF895D2A978493000B9F07 /* AppCoordinator.swift */; };
		E0FF89632A978948000B9F07 /* SignInPresenterTests.swift in Sources */ = {isa = PBXBuildFile; fileRef = E0FF89622A978948000B9F07 /* SignInPresenterTests.swift */; };
		E0FF89652A978F75000B9F07 /* NetworkError.swift in Sources */ = {isa = PBXBuildFile; fileRef = E0FF89642A978F75000B9F07 /* NetworkError.swift */; };
		E0FF89682A986E3C000B9F07 /* BaseCoordinatorTests.swift in Sources */ = {isa = PBXBuildFile; fileRef = E0FF89672A986E3C000B9F07 /* BaseCoordinatorTests.swift */; };
/* End PBXBuildFile section */

/* Begin PBXContainerItemProxy section */
		E0FF89262A9756AE000B9F07 /* PBXContainerItemProxy */ = {
			isa = PBXContainerItemProxy;
			containerPortal = E0FF89072A9756AC000B9F07 /* Project object */;
			proxyType = 1;
			remoteGlobalIDString = E0FF890E2A9756AC000B9F07;
			remoteInfo = AppUnitTestsDemo;
		};
		E0FF89302A9756AE000B9F07 /* PBXContainerItemProxy */ = {
			isa = PBXContainerItemProxy;
			containerPortal = E0FF89072A9756AC000B9F07 /* Project object */;
			proxyType = 1;
			remoteGlobalIDString = E0FF890E2A9756AC000B9F07;
			remoteInfo = AppUnitTestsDemo;
		};
/* End PBXContainerItemProxy section */

/* Begin PBXFileReference section */
		E0FF890F2A9756AC000B9F07 /* AppUnitTestsDemo.app */ = {isa = PBXFileReference; explicitFileType = wrapper.application; includeInIndex = 0; path = AppUnitTestsDemo.app; sourceTree = BUILT_PRODUCTS_DIR; };
		E0FF89122A9756AC000B9F07 /* AppDelegate.swift */ = {isa = PBXFileReference; lastKnownFileType = sourcecode.swift; path = AppDelegate.swift; sourceTree = "<group>"; };
		E0FF89142A9756AC000B9F07 /* SceneDelegate.swift */ = {isa = PBXFileReference; lastKnownFileType = sourcecode.swift; path = SceneDelegate.swift; sourceTree = "<group>"; };
		E0FF891B2A9756AE000B9F07 /* Assets.xcassets */ = {isa = PBXFileReference; lastKnownFileType = folder.assetcatalog; path = Assets.xcassets; sourceTree = "<group>"; };
		E0FF891E2A9756AE000B9F07 /* Base */ = {isa = PBXFileReference; lastKnownFileType = file.storyboard; name = Base; path = Base.lproj/LaunchScreen.storyboard; sourceTree = "<group>"; };
		E0FF89202A9756AE000B9F07 /* Info.plist */ = {isa = PBXFileReference; lastKnownFileType = text.plist.xml; path = Info.plist; sourceTree = "<group>"; };
		E0FF89252A9756AE000B9F07 /* AppUnitTestsDemoTests.xctest */ = {isa = PBXFileReference; explicitFileType = wrapper.cfbundle; includeInIndex = 0; path = AppUnitTestsDemoTests.xctest; sourceTree = BUILT_PRODUCTS_DIR; };
		E0FF892F2A9756AE000B9F07 /* AppUnitTestsDemoUITests.xctest */ = {isa = PBXFileReference; explicitFileType = wrapper.cfbundle; includeInIndex = 0; path = AppUnitTestsDemoUITests.xctest; sourceTree = BUILT_PRODUCTS_DIR; };
		E0FF89332A9756AE000B9F07 /* AppUnitTestsDemoUITests.swift */ = {isa = PBXFileReference; lastKnownFileType = sourcecode.swift; path = AppUnitTestsDemoUITests.swift; sourceTree = "<group>"; };
		E0FF89352A9756AE000B9F07 /* AppUnitTestsDemoUITestsLaunchTests.swift */ = {isa = PBXFileReference; lastKnownFileType = sourcecode.swift; path = AppUnitTestsDemoUITestsLaunchTests.swift; sourceTree = "<group>"; };
		E0FF89452A9756F2000B9F07 /* SignInViewController.swift */ = {isa = PBXFileReference; lastKnownFileType = sourcecode.swift; path = SignInViewController.swift; sourceTree = "<group>"; };
		E0FF89472A975C36000B9F07 /* SignInPresenter.swift */ = {isa = PBXFileReference; lastKnownFileType = sourcecode.swift; path = SignInPresenter.swift; sourceTree = "<group>"; };
		E0FF894A2A975FB0000B9F07 /* SignInUser.swift */ = {isa = PBXFileReference; lastKnownFileType = sourcecode.swift; path = SignInUser.swift; sourceTree = "<group>"; };
		E0FF894C2A975FC0000B9F07 /* User.swift */ = {isa = PBXFileReference; lastKnownFileType = sourcecode.swift; path = User.swift; sourceTree = "<group>"; };
		E0FF894F2A975FE1000B9F07 /* DBUser.swift */ = {isa = PBXFileReference; lastKnownFileType = sourcecode.swift; path = DBUser.swift; sourceTree = "<group>"; };
		E0FF89512A975FFB000B9F07 /* SignInService.swift */ = {isa = PBXFileReference; lastKnownFileType = sourcecode.swift; path = SignInService.swift; sourceTree = "<group>"; };
		E0FF89552A977EEF000B9F07 /* DBUsersRepository.swift */ = {isa = PBXFileReference; lastKnownFileType = sourcecode.swift; path = DBUsersRepository.swift; sourceTree = "<group>"; };
		E0FF89582A9783F2000B9F07 /* SignInCoordinator.swift */ = {isa = PBXFileReference; lastKnownFileType = sourcecode.swift; path = SignInCoordinator.swift; sourceTree = "<group>"; };
		E0FF895B2A978415000B9F07 /* Coordinator.swift */ = {isa = PBXFileReference; lastKnownFileType = sourcecode.swift; path = Coordinator.swift; sourceTree = "<group>"; };
		E0FF895D2A978493000B9F07 /* AppCoordinator.swift */ = {isa = PBXFileReference; lastKnownFileType = sourcecode.swift; path = AppCoordinator.swift; sourceTree = "<group>"; };
		E0FF89612A978947000B9F07 /* AppUnitTestsDemoTests-Bridging-Header.h */ = {isa = PBXFileReference; lastKnownFileType = sourcecode.c.h; path = "AppUnitTestsDemoTests-Bridging-Header.h"; sourceTree = "<group>"; };
		E0FF89622A978948000B9F07 /* SignInPresenterTests.swift */ = {isa = PBXFileReference; lastKnownFileType = sourcecode.swift; path = SignInPresenterTests.swift; sourceTree = "<group>"; };
		E0FF89642A978F75000B9F07 /* NetworkError.swift */ = {isa = PBXFileReference; lastKnownFileType = sourcecode.swift; path = NetworkError.swift; sourceTree = "<group>"; };
		E0FF89672A986E3C000B9F07 /* BaseCoordinatorTests.swift */ = {isa = PBXFileReference; lastKnownFileType = sourcecode.swift; path = BaseCoordinatorTests.swift; sourceTree = "<group>"; };
/* End PBXFileReference section */

/* Begin PBXFrameworksBuildPhase section */
		E0FF890C2A9756AC000B9F07 /* Frameworks */ = {
			isa = PBXFrameworksBuildPhase;
			buildActionMask = 2147483647;
			files = (
			);
			runOnlyForDeploymentPostprocessing = 0;
		};
		E0FF89222A9756AE000B9F07 /* Frameworks */ = {
			isa = PBXFrameworksBuildPhase;
			buildActionMask = 2147483647;
			files = (
			);
			runOnlyForDeploymentPostprocessing = 0;
		};
		E0FF892C2A9756AE000B9F07 /* Frameworks */ = {
			isa = PBXFrameworksBuildPhase;
			buildActionMask = 2147483647;
			files = (
			);
			runOnlyForDeploymentPostprocessing = 0;
		};
/* End PBXFrameworksBuildPhase section */

/* Begin PBXGroup section */
		E0FF89062A9756AC000B9F07 = {
			isa = PBXGroup;
			children = (
				E0FF89112A9756AC000B9F07 /* AppUnitTestsDemo */,
				E0FF89282A9756AE000B9F07 /* AppUnitTestsDemoTests */,
				E0FF89322A9756AE000B9F07 /* AppUnitTestsDemoUITests */,
				E0FF89102A9756AC000B9F07 /* Products */,
			);
			sourceTree = "<group>";
		};
		E0FF89102A9756AC000B9F07 /* Products */ = {
			isa = PBXGroup;
			children = (
				E0FF890F2A9756AC000B9F07 /* AppUnitTestsDemo.app */,
				E0FF89252A9756AE000B9F07 /* AppUnitTestsDemoTests.xctest */,
				E0FF892F2A9756AE000B9F07 /* AppUnitTestsDemoUITests.xctest */,
			);
			name = Products;
			sourceTree = "<group>";
		};
		E0FF89112A9756AC000B9F07 /* AppUnitTestsDemo */ = {
			isa = PBXGroup;
			children = (
				E0FF895F2A9784A2000B9F07 /* Core */,
				E0FF895A2A978409000B9F07 /* Common */,
				E0FF894E2A975FD7000B9F07 /* DB */,
				E0FF89422A9756BB000B9F07 /* SignIn */,
				E0FF89122A9756AC000B9F07 /* AppDelegate.swift */,
				E0FF89142A9756AC000B9F07 /* SceneDelegate.swift */,
				E0FF891B2A9756AE000B9F07 /* Assets.xcassets */,
				E0FF891D2A9756AE000B9F07 /* LaunchScreen.storyboard */,
				E0FF89202A9756AE000B9F07 /* Info.plist */,
			);
			path = AppUnitTestsDemo;
			sourceTree = "<group>";
		};
		E0FF89282A9756AE000B9F07 /* AppUnitTestsDemoTests */ = {
			isa = PBXGroup;
			children = (
				E0FF89662A986E22000B9F07 /* Common */,
				E0FF89602A9788DB000B9F07 /* SignIn */,
			);
			path = AppUnitTestsDemoTests;
			sourceTree = "<group>";
		};
		E0FF89322A9756AE000B9F07 /* AppUnitTestsDemoUITests */ = {
			isa = PBXGroup;
			children = (
				E0FF89332A9756AE000B9F07 /* AppUnitTestsDemoUITests.swift */,
				E0FF89352A9756AE000B9F07 /* AppUnitTestsDemoUITestsLaunchTests.swift */,
			);
			path = AppUnitTestsDemoUITests;
			sourceTree = "<group>";
		};
		E0FF89422A9756BB000B9F07 /* SignIn */ = {
			isa = PBXGroup;
			children = (
				E0FF89572A9783E7000B9F07 /* Coordinator */,
				E0FF89492A975F9D000B9F07 /* Models */,
				E0FF89532A977EB3000B9F07 /* View */,
				E0FF89542A977EC1000B9F07 /* Presenter */,
				E0FF89512A975FFB000B9F07 /* SignInService.swift */,
			);
			path = SignIn;
			sourceTree = "<group>";
		};
		E0FF89492A975F9D000B9F07 /* Models */ = {
			isa = PBXGroup;
			children = (
				E0FF894A2A975FB0000B9F07 /* SignInUser.swift */,
				E0FF894C2A975FC0000B9F07 /* User.swift */,
			);
			path = Models;
			sourceTree = "<group>";
		};
		E0FF894E2A975FD7000B9F07 /* DB */ = {
			isa = PBXGroup;
			children = (
				E0FF894F2A975FE1000B9F07 /* DBUser.swift */,
				E0FF89552A977EEF000B9F07 /* DBUsersRepository.swift */,
			);
			path = DB;
			sourceTree = "<group>";
		};
		E0FF89532A977EB3000B9F07 /* View */ = {
			isa = PBXGroup;
			children = (
				E0FF89452A9756F2000B9F07 /* SignInViewController.swift */,
			);
			path = View;
			sourceTree = "<group>";
		};
		E0FF89542A977EC1000B9F07 /* Presenter */ = {
			isa = PBXGroup;
			children = (
				E0FF89472A975C36000B9F07 /* SignInPresenter.swift */,
			);
			path = Presenter;
			sourceTree = "<group>";
		};
		E0FF89572A9783E7000B9F07 /* Coordinator */ = {
			isa = PBXGroup;
			children = (
				E0FF89582A9783F2000B9F07 /* SignInCoordinator.swift */,
			);
			path = Coordinator;
			sourceTree = "<group>";
		};
		E0FF895A2A978409000B9F07 /* Common */ = {
			isa = PBXGroup;
			children = (
				E0FF895B2A978415000B9F07 /* Coordinator.swift */,
				E0FF89642A978F75000B9F07 /* NetworkError.swift */,
			);
			path = Common;
			sourceTree = "<group>";
		};
		E0FF895F2A9784A2000B9F07 /* Core */ = {
			isa = PBXGroup;
			children = (
				E0FF895D2A978493000B9F07 /* AppCoordinator.swift */,
			);
			path = Core;
			sourceTree = "<group>";
		};
		E0FF89602A9788DB000B9F07 /* SignIn */ = {
			isa = PBXGroup;
			children = (
				E0FF89622A978948000B9F07 /* SignInPresenterTests.swift */,
				E0FF89612A978947000B9F07 /* AppUnitTestsDemoTests-Bridging-Header.h */,
			);
			path = SignIn;
			sourceTree = "<group>";
		};
		E0FF89662A986E22000B9F07 /* Common */ = {
			isa = PBXGroup;
			children = (
				E0FF89672A986E3C000B9F07 /* BaseCoordinatorTests.swift */,
			);
			path = Common;
			sourceTree = "<group>";
		};
/* End PBXGroup section */

/* Begin PBXNativeTarget section */
		E0FF890E2A9756AC000B9F07 /* AppUnitTestsDemo */ = {
			isa = PBXNativeTarget;
			buildConfigurationList = E0FF89392A9756AE000B9F07 /* Build configuration list for PBXNativeTarget "AppUnitTestsDemo" */;
			buildPhases = (
				E0FF890B2A9756AC000B9F07 /* Sources */,
				E0FF890C2A9756AC000B9F07 /* Frameworks */,
				E0FF890D2A9756AC000B9F07 /* Resources */,
			);
			buildRules = (
			);
			dependencies = (
			);
			name = AppUnitTestsDemo;
			productName = AppUnitTestsDemo;
			productReference = E0FF890F2A9756AC000B9F07 /* AppUnitTestsDemo.app */;
			productType = "com.apple.product-type.application";
		};
		E0FF89242A9756AE000B9F07 /* AppUnitTestsDemoTests */ = {
			isa = PBXNativeTarget;
			buildConfigurationList = E0FF893C2A9756AE000B9F07 /* Build configuration list for PBXNativeTarget "AppUnitTestsDemoTests" */;
			buildPhases = (
				E0FF89212A9756AE000B9F07 /* Sources */,
				E0FF89222A9756AE000B9F07 /* Frameworks */,
				E0FF89232A9756AE000B9F07 /* Resources */,
			);
			buildRules = (
			);
			dependencies = (
				E0FF89272A9756AE000B9F07 /* PBXTargetDependency */,
			);
			name = AppUnitTestsDemoTests;
			productName = AppUnitTestsDemoTests;
			productReference = E0FF89252A9756AE000B9F07 /* AppUnitTestsDemoTests.xctest */;
			productType = "com.apple.product-type.bundle.unit-test";
		};
		E0FF892E2A9756AE000B9F07 /* AppUnitTestsDemoUITests */ = {
			isa = PBXNativeTarget;
			buildConfigurationList = E0FF893F2A9756AE000B9F07 /* Build configuration list for PBXNativeTarget "AppUnitTestsDemoUITests" */;
			buildPhases = (
				E0FF892B2A9756AE000B9F07 /* Sources */,
				E0FF892C2A9756AE000B9F07 /* Frameworks */,
				E0FF892D2A9756AE000B9F07 /* Resources */,
			);
			buildRules = (
			);
			dependencies = (
				E0FF89312A9756AE000B9F07 /* PBXTargetDependency */,
			);
			name = AppUnitTestsDemoUITests;
			productName = AppUnitTestsDemoUITests;
			productReference = E0FF892F2A9756AE000B9F07 /* AppUnitTestsDemoUITests.xctest */;
			productType = "com.apple.product-type.bundle.ui-testing";
		};
/* End PBXNativeTarget section */

/* Begin PBXProject section */
		E0FF89072A9756AC000B9F07 /* Project object */ = {
			isa = PBXProject;
			attributes = {
				BuildIndependentTargetsInParallel = 1;
				LastSwiftUpdateCheck = 1430;
				LastUpgradeCheck = 1430;
				ORGANIZATIONNAME = Tele2/Altel;
				TargetAttributes = {
					E0FF890E2A9756AC000B9F07 = {
						CreatedOnToolsVersion = 14.3.1;
					};
					E0FF89242A9756AE000B9F07 = {
						CreatedOnToolsVersion = 14.3.1;
						LastSwiftMigration = 1430;
						TestTargetID = E0FF890E2A9756AC000B9F07;
					};
					E0FF892E2A9756AE000B9F07 = {
						CreatedOnToolsVersion = 14.3.1;
						TestTargetID = E0FF890E2A9756AC000B9F07;
					};
				};
			};
			buildConfigurationList = E0FF890A2A9756AC000B9F07 /* Build configuration list for PBXProject "AppUnitTestsDemo" */;
			compatibilityVersion = "Xcode 14.0";
			developmentRegion = en;
			hasScannedForEncodings = 0;
			knownRegions = (
				en,
				Base,
			);
			mainGroup = E0FF89062A9756AC000B9F07;
			productRefGroup = E0FF89102A9756AC000B9F07 /* Products */;
			projectDirPath = "";
			projectRoot = "";
			targets = (
				E0FF890E2A9756AC000B9F07 /* AppUnitTestsDemo */,
				E0FF89242A9756AE000B9F07 /* AppUnitTestsDemoTests */,
				E0FF892E2A9756AE000B9F07 /* AppUnitTestsDemoUITests */,
			);
		};
/* End PBXProject section */

/* Begin PBXResourcesBuildPhase section */
		E0FF890D2A9756AC000B9F07 /* Resources */ = {
			isa = PBXResourcesBuildPhase;
			buildActionMask = 2147483647;
			files = (
				E0FF891F2A9756AE000B9F07 /* LaunchScreen.storyboard in Resources */,
				E0FF891C2A9756AE000B9F07 /* Assets.xcassets in Resources */,
			);
			runOnlyForDeploymentPostprocessing = 0;
		};
		E0FF89232A9756AE000B9F07 /* Resources */ = {
			isa = PBXResourcesBuildPhase;
			buildActionMask = 2147483647;
			files = (
			);
			runOnlyForDeploymentPostprocessing = 0;
		};
		E0FF892D2A9756AE000B9F07 /* Resources */ = {
			isa = PBXResourcesBuildPhase;
			buildActionMask = 2147483647;
			files = (
			);
			runOnlyForDeploymentPostprocessing = 0;
		};
/* End PBXResourcesBuildPhase section */

/* Begin PBXSourcesBuildPhase section */
		E0FF890B2A9756AC000B9F07 /* Sources */ = {
			isa = PBXSourcesBuildPhase;
			buildActionMask = 2147483647;
			files = (
				E0FF895E2A978493000B9F07 /* AppCoordinator.swift in Sources */,
				E0FF89482A975C36000B9F07 /* SignInPresenter.swift in Sources */,
				E0FF89462A9756F2000B9F07 /* SignInViewController.swift in Sources */,
				E0FF894D2A975FC0000B9F07 /* User.swift in Sources */,
				E0FF89132A9756AC000B9F07 /* AppDelegate.swift in Sources */,
				E0FF89592A9783F2000B9F07 /* SignInCoordinator.swift in Sources */,
				E0FF894B2A975FB0000B9F07 /* SignInUser.swift in Sources */,
				E0FF895C2A978415000B9F07 /* Coordinator.swift in Sources */,
				E0FF89502A975FE1000B9F07 /* DBUser.swift in Sources */,
				E0FF89152A9756AC000B9F07 /* SceneDelegate.swift in Sources */,
				E0FF89652A978F75000B9F07 /* NetworkError.swift in Sources */,
				E0FF89562A977EEF000B9F07 /* DBUsersRepository.swift in Sources */,
				E0FF89522A975FFB000B9F07 /* SignInService.swift in Sources */,
			);
			runOnlyForDeploymentPostprocessing = 0;
		};
		E0FF89212A9756AE000B9F07 /* Sources */ = {
			isa = PBXSourcesBuildPhase;
			buildActionMask = 2147483647;
			files = (
				E0FF89632A978948000B9F07 /* SignInPresenterTests.swift in Sources */,
				E0FF89682A986E3C000B9F07 /* BaseCoordinatorTests.swift in Sources */,
			);
			runOnlyForDeploymentPostprocessing = 0;
		};
		E0FF892B2A9756AE000B9F07 /* Sources */ = {
			isa = PBXSourcesBuildPhase;
			buildActionMask = 2147483647;
			files = (
				E0FF89342A9756AE000B9F07 /* AppUnitTestsDemoUITests.swift in Sources */,
				E0FF89362A9756AE000B9F07 /* AppUnitTestsDemoUITestsLaunchTests.swift in Sources */,
			);
			runOnlyForDeploymentPostprocessing = 0;
		};
/* End PBXSourcesBuildPhase section */

/* Begin PBXTargetDependency section */
		E0FF89272A9756AE000B9F07 /* PBXTargetDependency */ = {
			isa = PBXTargetDependency;
			target = E0FF890E2A9756AC000B9F07 /* AppUnitTestsDemo */;
			targetProxy = E0FF89262A9756AE000B9F07 /* PBXContainerItemProxy */;
		};
		E0FF89312A9756AE000B9F07 /* PBXTargetDependency */ = {
			isa = PBXTargetDependency;
			target = E0FF890E2A9756AC000B9F07 /* AppUnitTestsDemo */;
			targetProxy = E0FF89302A9756AE000B9F07 /* PBXContainerItemProxy */;
		};
/* End PBXTargetDependency section */

/* Begin PBXVariantGroup section */
		E0FF891D2A9756AE000B9F07 /* LaunchScreen.storyboard */ = {
			isa = PBXVariantGroup;
			children = (
				E0FF891E2A9756AE000B9F07 /* Base */,
			);
			name = LaunchScreen.storyboard;
			sourceTree = "<group>";
		};
/* End PBXVariantGroup section */

/* Begin XCBuildConfiguration section */
		E0FF89372A9756AE000B9F07 /* Debug */ = {
			isa = XCBuildConfiguration;
			buildSettings = {
				ALWAYS_SEARCH_USER_PATHS = NO;
				CLANG_ANALYZER_NONNULL = YES;
				CLANG_ANALYZER_NUMBER_OBJECT_CONVERSION = YES_AGGRESSIVE;
				CLANG_CXX_LANGUAGE_STANDARD = "gnu++20";
				CLANG_ENABLE_MODULES = YES;
				CLANG_ENABLE_OBJC_ARC = YES;
				CLANG_ENABLE_OBJC_WEAK = YES;
				CLANG_WARN_BLOCK_CAPTURE_AUTORELEASING = YES;
				CLANG_WARN_BOOL_CONVERSION = YES;
				CLANG_WARN_COMMA = YES;
				CLANG_WARN_CONSTANT_CONVERSION = YES;
				CLANG_WARN_DEPRECATED_OBJC_IMPLEMENTATIONS = YES;
				CLANG_WARN_DIRECT_OBJC_ISA_USAGE = YES_ERROR;
				CLANG_WARN_DOCUMENTATION_COMMENTS = YES;
				CLANG_WARN_EMPTY_BODY = YES;
				CLANG_WARN_ENUM_CONVERSION = YES;
				CLANG_WARN_INFINITE_RECURSION = YES;
				CLANG_WARN_INT_CONVERSION = YES;
				CLANG_WARN_NON_LITERAL_NULL_CONVERSION = YES;
				CLANG_WARN_OBJC_IMPLICIT_RETAIN_SELF = YES;
				CLANG_WARN_OBJC_LITERAL_CONVERSION = YES;
				CLANG_WARN_OBJC_ROOT_CLASS = YES_ERROR;
				CLANG_WARN_QUOTED_INCLUDE_IN_FRAMEWORK_HEADER = YES;
				CLANG_WARN_RANGE_LOOP_ANALYSIS = YES;
				CLANG_WARN_STRICT_PROTOTYPES = YES;
				CLANG_WARN_SUSPICIOUS_MOVE = YES;
				CLANG_WARN_UNGUARDED_AVAILABILITY = YES_AGGRESSIVE;
				CLANG_WARN_UNREACHABLE_CODE = YES;
				CLANG_WARN__DUPLICATE_METHOD_MATCH = YES;
				COPY_PHASE_STRIP = NO;
				DEBUG_INFORMATION_FORMAT = dwarf;
				ENABLE_STRICT_OBJC_MSGSEND = YES;
				ENABLE_TESTABILITY = YES;
				GCC_C_LANGUAGE_STANDARD = gnu11;
				GCC_DYNAMIC_NO_PIC = NO;
				GCC_NO_COMMON_BLOCKS = YES;
				GCC_OPTIMIZATION_LEVEL = 0;
				GCC_PREPROCESSOR_DEFINITIONS = (
					"DEBUG=1",
					"$(inherited)",
				);
				GCC_WARN_64_TO_32_BIT_CONVERSION = YES;
				GCC_WARN_ABOUT_RETURN_TYPE = YES_ERROR;
				GCC_WARN_UNDECLARED_SELECTOR = YES;
				GCC_WARN_UNINITIALIZED_AUTOS = YES_AGGRESSIVE;
				GCC_WARN_UNUSED_FUNCTION = YES;
				GCC_WARN_UNUSED_VARIABLE = YES;
				IPHONEOS_DEPLOYMENT_TARGET = 16.4;
				MTL_ENABLE_DEBUG_INFO = INCLUDE_SOURCE;
				MTL_FAST_MATH = YES;
				ONLY_ACTIVE_ARCH = YES;
				SDKROOT = iphoneos;
				SWIFT_ACTIVE_COMPILATION_CONDITIONS = DEBUG;
				SWIFT_OPTIMIZATION_LEVEL = "-Onone";
			};
			name = Debug;
		};
		E0FF89382A9756AE000B9F07 /* Release */ = {
			isa = XCBuildConfiguration;
			buildSettings = {
				ALWAYS_SEARCH_USER_PATHS = NO;
				CLANG_ANALYZER_NONNULL = YES;
				CLANG_ANALYZER_NUMBER_OBJECT_CONVERSION = YES_AGGRESSIVE;
				CLANG_CXX_LANGUAGE_STANDARD = "gnu++20";
				CLANG_ENABLE_MODULES = YES;
				CLANG_ENABLE_OBJC_ARC = YES;
				CLANG_ENABLE_OBJC_WEAK = YES;
				CLANG_WARN_BLOCK_CAPTURE_AUTORELEASING = YES;
				CLANG_WARN_BOOL_CONVERSION = YES;
				CLANG_WARN_COMMA = YES;
				CLANG_WARN_CONSTANT_CONVERSION = YES;
				CLANG_WARN_DEPRECATED_OBJC_IMPLEMENTATIONS = YES;
				CLANG_WARN_DIRECT_OBJC_ISA_USAGE = YES_ERROR;
				CLANG_WARN_DOCUMENTATION_COMMENTS = YES;
				CLANG_WARN_EMPTY_BODY = YES;
				CLANG_WARN_ENUM_CONVERSION = YES;
				CLANG_WARN_INFINITE_RECURSION = YES;
				CLANG_WARN_INT_CONVERSION = YES;
				CLANG_WARN_NON_LITERAL_NULL_CONVERSION = YES;
				CLANG_WARN_OBJC_IMPLICIT_RETAIN_SELF = YES;
				CLANG_WARN_OBJC_LITERAL_CONVERSION = YES;
				CLANG_WARN_OBJC_ROOT_CLASS = YES_ERROR;
				CLANG_WARN_QUOTED_INCLUDE_IN_FRAMEWORK_HEADER = YES;
				CLANG_WARN_RANGE_LOOP_ANALYSIS = YES;
				CLANG_WARN_STRICT_PROTOTYPES = YES;
				CLANG_WARN_SUSPICIOUS_MOVE = YES;
				CLANG_WARN_UNGUARDED_AVAILABILITY = YES_AGGRESSIVE;
				CLANG_WARN_UNREACHABLE_CODE = YES;
				CLANG_WARN__DUPLICATE_METHOD_MATCH = YES;
				COPY_PHASE_STRIP = NO;
				DEBUG_INFORMATION_FORMAT = "dwarf-with-dsym";
				ENABLE_NS_ASSERTIONS = NO;
				ENABLE_STRICT_OBJC_MSGSEND = YES;
				GCC_C_LANGUAGE_STANDARD = gnu11;
				GCC_NO_COMMON_BLOCKS = YES;
				GCC_WARN_64_TO_32_BIT_CONVERSION = YES;
				GCC_WARN_ABOUT_RETURN_TYPE = YES_ERROR;
				GCC_WARN_UNDECLARED_SELECTOR = YES;
				GCC_WARN_UNINITIALIZED_AUTOS = YES_AGGRESSIVE;
				GCC_WARN_UNUSED_FUNCTION = YES;
				GCC_WARN_UNUSED_VARIABLE = YES;
				IPHONEOS_DEPLOYMENT_TARGET = 16.4;
				MTL_ENABLE_DEBUG_INFO = NO;
				MTL_FAST_MATH = YES;
				SDKROOT = iphoneos;
				SWIFT_COMPILATION_MODE = wholemodule;
				SWIFT_OPTIMIZATION_LEVEL = "-O";
				VALIDATE_PRODUCT = YES;
			};
			name = Release;
		};
		E0FF893A2A9756AE000B9F07 /* Debug */ = {
			isa = XCBuildConfiguration;
			buildSettings = {
				ASSETCATALOG_COMPILER_APPICON_NAME = AppIcon;
				ASSETCATALOG_COMPILER_GLOBAL_ACCENT_COLOR_NAME = AccentColor;
				CODE_SIGN_STYLE = Automatic;
				CURRENT_PROJECT_VERSION = 1;
				DEVELOPMENT_TEAM = 88WBPN35U7;
				GENERATE_INFOPLIST_FILE = YES;
				INFOPLIST_FILE = AppUnitTestsDemo/Info.plist;
				INFOPLIST_KEY_UIApplicationSupportsIndirectInputEvents = YES;
				INFOPLIST_KEY_UILaunchStoryboardName = LaunchScreen.storyboard;
				INFOPLIST_KEY_UISupportedInterfaceOrientations = UIInterfaceOrientationPortrait;
				INFOPLIST_KEY_UISupportedInterfaceOrientations_iPad = "UIInterfaceOrientationLandscapeLeft UIInterfaceOrientationLandscapeRight UIInterfaceOrientationPortrait UIInterfaceOrientationPortraitUpsideDown";
				LD_RUNPATH_SEARCH_PATHS = (
					"$(inherited)",
					"@executable_path/Frameworks",
				);
				MARKETING_VERSION = 1.0;
				PRODUCT_BUNDLE_IDENTIFIER = kz.tele2.AppUnitTestsDemo;
				PRODUCT_NAME = "$(TARGET_NAME)";
				SUPPORTED_PLATFORMS = "iphoneos iphonesimulator";
				SUPPORTS_MACCATALYST = NO;
				SUPPORTS_MAC_DESIGNED_FOR_IPHONE_IPAD = NO;
				SWIFT_EMIT_LOC_STRINGS = YES;
				SWIFT_VERSION = 5.0;
				TARGETED_DEVICE_FAMILY = 1;
			};
			name = Debug;
		};
		E0FF893B2A9756AE000B9F07 /* Release */ = {
			isa = XCBuildConfiguration;
			buildSettings = {
				ASSETCATALOG_COMPILER_APPICON_NAME = AppIcon;
				ASSETCATALOG_COMPILER_GLOBAL_ACCENT_COLOR_NAME = AccentColor;
				CODE_SIGN_STYLE = Automatic;
				CURRENT_PROJECT_VERSION = 1;
				DEVELOPMENT_TEAM = 88WBPN35U7;
				GENERATE_INFOPLIST_FILE = YES;
				INFOPLIST_FILE = AppUnitTestsDemo/Info.plist;
				INFOPLIST_KEY_UIApplicationSupportsIndirectInputEvents = YES;
				INFOPLIST_KEY_UILaunchStoryboardName = LaunchScreen.storyboard;
				INFOPLIST_KEY_UISupportedInterfaceOrientations = UIInterfaceOrientationPortrait;
				INFOPLIST_KEY_UISupportedInterfaceOrientations_iPad = "UIInterfaceOrientationLandscapeLeft UIInterfaceOrientationLandscapeRight UIInterfaceOrientationPortrait UIInterfaceOrientationPortraitUpsideDown";
				LD_RUNPATH_SEARCH_PATHS = (
					"$(inherited)",
					"@executable_path/Frameworks",
				);
				MARKETING_VERSION = 1.0;
				PRODUCT_BUNDLE_IDENTIFIER = kz.tele2.AppUnitTestsDemo;
				PRODUCT_NAME = "$(TARGET_NAME)";
				SUPPORTED_PLATFORMS = "iphoneos iphonesimulator";
				SUPPORTS_MACCATALYST = NO;
				SUPPORTS_MAC_DESIGNED_FOR_IPHONE_IPAD = NO;
				SWIFT_EMIT_LOC_STRINGS = YES;
				SWIFT_VERSION = 5.0;
				TARGETED_DEVICE_FAMILY = 1;
			};
			name = Release;
		};
		E0FF893D2A9756AE000B9F07 /* Debug */ = {
			isa = XCBuildConfiguration;
			buildSettings = {
				ALWAYS_EMBED_SWIFT_STANDARD_LIBRARIES = YES;
				BUNDLE_LOADER = "$(TEST_HOST)";
				CLANG_ENABLE_MODULES = YES;
				CODE_SIGN_STYLE = Automatic;
				CURRENT_PROJECT_VERSION = 1;
				DEVELOPMENT_TEAM = 88WBPN35U7;
				GENERATE_INFOPLIST_FILE = YES;
				IPHONEOS_DEPLOYMENT_TARGET = 16.4;
				MARKETING_VERSION = 1.0;
				PRODUCT_BUNDLE_IDENTIFIER = kz.tele2.AppUnitTestsDemoTests;
				PRODUCT_NAME = "$(TARGET_NAME)";
				SWIFT_EMIT_LOC_STRINGS = NO;
				SWIFT_OBJC_BRIDGING_HEADER = "AppUnitTestsDemoTests/SignIn/AppUnitTestsDemoTests-Bridging-Header.h";
				SWIFT_OPTIMIZATION_LEVEL = "-Onone";
				SWIFT_VERSION = 5.0;
				TARGETED_DEVICE_FAMILY = "1,2";
				TEST_HOST = "$(BUILT_PRODUCTS_DIR)/AppUnitTestsDemo.app/$(BUNDLE_EXECUTABLE_FOLDER_PATH)/AppUnitTestsDemo";
			};
			name = Debug;
		};
		E0FF893E2A9756AE000B9F07 /* Release */ = {
			isa = XCBuildConfiguration;
			buildSettings = {
				ALWAYS_EMBED_SWIFT_STANDARD_LIBRARIES = YES;
				BUNDLE_LOADER = "$(TEST_HOST)";
				CLANG_ENABLE_MODULES = YES;
				CODE_SIGN_STYLE = Automatic;
				CURRENT_PROJECT_VERSION = 1;
				DEVELOPMENT_TEAM = 88WBPN35U7;
				GENERATE_INFOPLIST_FILE = YES;
				IPHONEOS_DEPLOYMENT_TARGET = 16.4;
				MARKETING_VERSION = 1.0;
				PRODUCT_BUNDLE_IDENTIFIER = kz.tele2.AppUnitTestsDemoTests;
				PRODUCT_NAME = "$(TARGET_NAME)";
				SWIFT_EMIT_LOC_STRINGS = NO;
				SWIFT_OBJC_BRIDGING_HEADER = "AppUnitTestsDemoTests/SignIn/AppUnitTestsDemoTests-Bridging-Header.h";
				SWIFT_VERSION = 5.0;
				TARGETED_DEVICE_FAMILY = "1,2";
				TEST_HOST = "$(BUILT_PRODUCTS_DIR)/AppUnitTestsDemo.app/$(BUNDLE_EXECUTABLE_FOLDER_PATH)/AppUnitTestsDemo";
			};
			name = Release;
		};
		E0FF89402A9756AE000B9F07 /* Debug */ = {
			isa = XCBuildConfiguration;
			buildSettings = {
				ALWAYS_EMBED_SWIFT_STANDARD_LIBRARIES = YES;
				CODE_SIGN_STYLE = Automatic;
				CURRENT_PROJECT_VERSION = 1;
				DEVELOPMENT_TEAM = 88WBPN35U7;
				GENERATE_INFOPLIST_FILE = YES;
				MARKETING_VERSION = 1.0;
				PRODUCT_BUNDLE_IDENTIFIER = kz.tele2.AppUnitTestsDemoUITests;
				PRODUCT_NAME = "$(TARGET_NAME)";
				SWIFT_EMIT_LOC_STRINGS = NO;
				SWIFT_VERSION = 5.0;
				TARGETED_DEVICE_FAMILY = "1,2";
				TEST_TARGET_NAME = AppUnitTestsDemo;
			};
			name = Debug;
		};
		E0FF89412A9756AE000B9F07 /* Release */ = {
			isa = XCBuildConfiguration;
			buildSettings = {
				ALWAYS_EMBED_SWIFT_STANDARD_LIBRARIES = YES;
				CODE_SIGN_STYLE = Automatic;
				CURRENT_PROJECT_VERSION = 1;
				DEVELOPMENT_TEAM = 88WBPN35U7;
				GENERATE_INFOPLIST_FILE = YES;
				MARKETING_VERSION = 1.0;
				PRODUCT_BUNDLE_IDENTIFIER = kz.tele2.AppUnitTestsDemoUITests;
				PRODUCT_NAME = "$(TARGET_NAME)";
				SWIFT_EMIT_LOC_STRINGS = NO;
				SWIFT_VERSION = 5.0;
				TARGETED_DEVICE_FAMILY = "1,2";
				TEST_TARGET_NAME = AppUnitTestsDemo;
			};
			name = Release;
		};
/* End XCBuildConfiguration section */

/* Begin XCConfigurationList section */
		E0FF890A2A9756AC000B9F07 /* Build configuration list for PBXProject "AppUnitTestsDemo" */ = {
			isa = XCConfigurationList;
			buildConfigurations = (
				E0FF89372A9756AE000B9F07 /* Debug */,
				E0FF89382A9756AE000B9F07 /* Release */,
			);
			defaultConfigurationIsVisible = 0;
			defaultConfigurationName = Release;
		};
		E0FF89392A9756AE000B9F07 /* Build configuration list for PBXNativeTarget "AppUnitTestsDemo" */ = {
			isa = XCConfigurationList;
			buildConfigurations = (
				E0FF893A2A9756AE000B9F07 /* Debug */,
				E0FF893B2A9756AE000B9F07 /* Release */,
			);
			defaultConfigurationIsVisible = 0;
			defaultConfigurationName = Release;
		};
		E0FF893C2A9756AE000B9F07 /* Build configuration list for PBXNativeTarget "AppUnitTestsDemoTests" */ = {
			isa = XCConfigurationList;
			buildConfigurations = (
				E0FF893D2A9756AE000B9F07 /* Debug */,
				E0FF893E2A9756AE000B9F07 /* Release */,
			);
			defaultConfigurationIsVisible = 0;
			defaultConfigurationName = Release;
		};
		E0FF893F2A9756AE000B9F07 /* Build configuration list for PBXNativeTarget "AppUnitTestsDemoUITests" */ = {
			isa = XCConfigurationList;
			buildConfigurations = (
				E0FF89402A9756AE000B9F07 /* Debug */,
				E0FF89412A9756AE000B9F07 /* Release */,
			);
			defaultConfigurationIsVisible = 0;
			defaultConfigurationName = Release;
		};
/* End XCConfigurationList section */
	};
	rootObject = E0FF89072A9756AC000B9F07 /* Project object */;
}
